
Microsoft Visual Studio Solution File, Format Version 12.00
# Visual Studio 15
VisualStudioVersion = 15.0.28307.1525
MinimumVisualStudioVersion = 10.0.40219.1
Project("{FAE04EC0-301F-11D3-BF4B-00C04F79EFBC}") = "RateLimiter", "RateLimiter\RateLimiter.csproj", "{70D32B0F-B6CF-4F37-BB33-401C774D53C8}"
EndProject
Global
	GlobalSection(SolutionConfigurationPlatforms) = preSolution
		Debug|Any CPU = Debug|Any CPU
		Release|Any CPU = Release|Any CPU
	EndGlobalSection
	GlobalSection(ProjectConfigurationPlatforms) = postSolution
		{70D32B0F-B6CF-4F37-BB33-401C774D53C8}.Debug|Any CPU.ActiveCfg = Debug|Any CPU
		{70D32B0F-B6CF-4F37-BB33-401C774D53C8}.Debug|Any CPU.Build.0 = Debug|Any CPU
		{70D32B0F-B6CF-4F37-BB33-401C774D53C8}.Release|Any CPU.ActiveCfg = Release|Any CPU
		{70D32B0F-B6CF-4F37-BB33-401C774D53C8}.Release|Any CPU.Build.0 = Release|Any CPU
	EndGlobalSection
	GlobalSection(SolutionProperties) = preSolution
		HideSolutionNode = FALSE
	EndGlobalSection
	GlobalSection(ExtensibilityGlobals) = postSolution
		SolutionGuid = {33AFB98F-46FF-4535-B904-C12C4B9CA255}
	EndGlobalSection
EndGlobal
